// !$*UTF8*$!
{
	archiveVersion = 1;
	classes = {
	};
	objectVersion = 50;
	objects = {

/* Begin PBXBuildFile section */
		DD2A77222317362000AF289C /* AppDelegate.swift in Sources */ = {isa = PBXBuildFile; fileRef = DD2A77212317362000AF289C /* AppDelegate.swift */; };
		DD2A77272317362000AF289C /* Main.storyboard in Resources */ = {isa = PBXBuildFile; fileRef = DD2A77252317362000AF289C /* Main.storyboard */; };
		DD2A772A2317362000AF289C /* Document.xcdatamodeld in Sources */ = {isa = PBXBuildFile; fileRef = DD2A77282317362000AF289C /* Document.xcdatamodeld */; };
		DD2A772C2317362200AF289C /* Assets.xcassets in Resources */ = {isa = PBXBuildFile; fileRef = DD2A772B2317362200AF289C /* Assets.xcassets */; };
		DD2A772F2317362200AF289C /* LaunchScreen.storyboard in Resources */ = {isa = PBXBuildFile; fileRef = DD2A772D2317362200AF289C /* LaunchScreen.storyboard */; };
		DD2A77602317509D00AF289C /* DocumentViewController.swift in Sources */ = {isa = PBXBuildFile; fileRef = DD2A775F2317509D00AF289C /* DocumentViewController.swift */; };
		DD2A778C231874C300AF289C /* AddDocViewController.swift in Sources */ = {isa = PBXBuildFile; fileRef = DD2A778B231874C300AF289C /* AddDocViewController.swift */; };
		DD2A77902318825300AF289C /* DocumentsCellTableViewCell.swift in Sources */ = {isa = PBXBuildFile; fileRef = DD2A778F2318825300AF289C /* DocumentsCellTableViewCell.swift */; };
		DDCA64B523357302009AB2A8 /* DocumentCore+CoreDataClass.swift in Sources */ = {isa = PBXBuildFile; fileRef = DDCA64B323357302009AB2A8 /* DocumentCore+CoreDataClass.swift */; };
		DDCA64B623357302009AB2A8 /* DocumentCore+CoreDataProperties.swift in Sources */ = {isa = PBXBuildFile; fileRef = DDCA64B423357302009AB2A8 /* DocumentCore+CoreDataProperties.swift */; };
/* End PBXBuildFile section */

/* Begin PBXFileReference section */
		DD2A771E2317362000AF289C /* Document.app */ = {isa = PBXFileReference; explicitFileType = wrapper.application; includeInIndex = 0; path = Document.app; sourceTree = BUILT_PRODUCTS_DIR; };
		DD2A77212317362000AF289C /* AppDelegate.swift */ = {isa = PBXFileReference; lastKnownFileType = sourcecode.swift; path = AppDelegate.swift; sourceTree = "<group>"; };
		DD2A77262317362000AF289C /* Base */ = {isa = PBXFileReference; lastKnownFileType = file.storyboard; name = Base; path = Base.lproj/Main.storyboard; sourceTree = "<group>"; };
		DD2A77292317362000AF289C /* Document.xcdatamodel */ = {isa = PBXFileReference; lastKnownFileType = wrapper.xcdatamodel; path = Document.xcdatamodel; sourceTree = "<group>"; };
		DD2A772B2317362200AF289C /* Assets.xcassets */ = {isa = PBXFileReference; lastKnownFileType = folder.assetcatalog; path = Assets.xcassets; sourceTree = "<group>"; };
		DD2A772E2317362200AF289C /* Base */ = {isa = PBXFileReference; lastKnownFileType = file.storyboard; name = Base; path = Base.lproj/LaunchScreen.storyboard; sourceTree = "<group>"; };
		DD2A77302317362200AF289C /* Info.plist */ = {isa = PBXFileReference; lastKnownFileType = text.plist.xml; path = Info.plist; sourceTree = "<group>"; };
		DD2A775F2317509D00AF289C /* DocumentViewController.swift */ = {isa = PBXFileReference; lastKnownFileType = sourcecode.swift; path = DocumentViewController.swift; sourceTree = "<group>"; };
		DD2A778B231874C300AF289C /* AddDocViewController.swift */ = {isa = PBXFileReference; lastKnownFileType = sourcecode.swift; path = AddDocViewController.swift; sourceTree = "<group>"; };
		DD2A778F2318825300AF289C /* DocumentsCellTableViewCell.swift */ = {isa = PBXFileReference; lastKnownFileType = sourcecode.swift; path = DocumentsCellTableViewCell.swift; sourceTree = "<group>"; };
		DDCA64B323357302009AB2A8 /* DocumentCore+CoreDataClass.swift */ = {isa = PBXFileReference; lastKnownFileType = sourcecode.swift; path = "DocumentCore+CoreDataClass.swift"; sourceTree = "<group>"; };
		DDCA64B423357302009AB2A8 /* DocumentCore+CoreDataProperties.swift */ = {isa = PBXFileReference; lastKnownFileType = sourcecode.swift; path = "DocumentCore+CoreDataProperties.swift"; sourceTree = "<group>"; };
/* End PBXFileReference section */

/* Begin PBXFrameworksBuildPhase section */
		DD2A771B2317362000AF289C /* Frameworks */ = {
			isa = PBXFrameworksBuildPhase;
			buildActionMask = 2147483647;
			files = (
			);
			runOnlyForDeploymentPostprocessing = 0;
		};
/* End PBXFrameworksBuildPhase section */

/* Begin PBXGroup section */
		DD2A77152317362000AF289C = {
			isa = PBXGroup;
			children = (
				DD2A77202317362000AF289C /* Document */,
				DD2A771F2317362000AF289C /* Products */,
			);
			sourceTree = "<group>";
		};
		DD2A771F2317362000AF289C /* Products */ = {
			isa = PBXGroup;
			children = (
				DD2A771E2317362000AF289C /* Document.app */,
			);
			name = Products;
			sourceTree = "<group>";
		};
		DD2A77202317362000AF289C /* Document */ = {
			isa = PBXGroup;
			children = (
				DDCA64B323357302009AB2A8 /* DocumentCore+CoreDataClass.swift */,
				DDCA64B423357302009AB2A8 /* DocumentCore+CoreDataProperties.swift */,
				DD2A77212317362000AF289C /* AppDelegate.swift */,
				DD2A77252317362000AF289C /* Main.storyboard */,
				DD2A772B2317362200AF289C /* Assets.xcassets */,
				DD2A772D2317362200AF289C /* LaunchScreen.storyboard */,
				DD2A77302317362200AF289C /* Info.plist */,
				DD2A77282317362000AF289C /* Document.xcdatamodeld */,
				DD2A775F2317509D00AF289C /* DocumentViewController.swift */,
				DD2A778B231874C300AF289C /* AddDocViewController.swift */,
				DD2A778F2318825300AF289C /* DocumentsCellTableViewCell.swift */,
			);
			path = Document;
			sourceTree = "<group>";
		};
/* End PBXGroup section */

/* Begin PBXNativeTarget section */
		DD2A771D2317362000AF289C /* Document */ = {
			isa = PBXNativeTarget;
			buildConfigurationList = DD2A77332317362200AF289C /* Build configuration list for PBXNativeTarget "Document" */;
			buildPhases = (
				DD2A771A2317362000AF289C /* Sources */,
				DD2A771B2317362000AF289C /* Frameworks */,
				DD2A771C2317362000AF289C /* Resources */,
			);
			buildRules = (
			);
			dependencies = (
			);
			name = Document;
			productName = Document;
			productReference = DD2A771E2317362000AF289C /* Document.app */;
			productType = "com.apple.product-type.application";
		};
/* End PBXNativeTarget section */

/* Begin PBXProject section */
		DD2A77162317362000AF289C /* Project object */ = {
			isa = PBXProject;
			attributes = {
				LastSwiftUpdateCheck = 1030;
				LastUpgradeCheck = 1030;
				ORGANIZATIONNAME = "Alex Davis";
				TargetAttributes = {
					DD2A771D2317362000AF289C = {
						CreatedOnToolsVersion = 10.3;
					};
				};
			};
			buildConfigurationList = DD2A77192317362000AF289C /* Build configuration list for PBXProject "Document" */;
			compatibilityVersion = "Xcode 9.3";
			developmentRegion = en;
			hasScannedForEncodings = 0;
			knownRegions = (
				en,
				Base,
			);
			mainGroup = DD2A77152317362000AF289C;
			productRefGroup = DD2A771F2317362000AF289C /* Products */;
			projectDirPath = "";
			projectRoot = "";
			targets = (
				DD2A771D2317362000AF289C /* Document */,
			);
		};
/* End PBXProject section */

/* Begin PBXResourcesBuildPhase section */
		DD2A771C2317362000AF289C /* Resources */ = {
			isa = PBXResourcesBuildPhase;
			buildActionMask = 2147483647;
			files = (
				DD2A772F2317362200AF289C /* LaunchScreen.storyboard in Resources */,
				DD2A772C2317362200AF289C /* Assets.xcassets in Resources */,
				DD2A77272317362000AF289C /* Main.storyboard in Resources */,
			);
			runOnlyForDeploymentPostprocessing = 0;
		};
/* End PBXResourcesBuildPhase section */

/* Begin PBXSourcesBuildPhase section */
		DD2A771A2317362000AF289C /* Sources */ = {
			isa = PBXSourcesBuildPhase;
			buildActionMask = 2147483647;
			files = (
				DD2A77602317509D00AF289C /* DocumentViewController.swift in Sources */,
				DD2A772A2317362000AF289C /* Document.xcdatamodeld in Sources */,
				DD2A77222317362000AF289C /* AppDelegate.swift in Sources */,
				DDCA64B623357302009AB2A8 /* DocumentCore+CoreDataProperties.swift in Sources */,
				DD2A778C231874C300AF289C /* AddDocViewController.swift in Sources */,
				DD2A77902318825300AF289C /* DocumentsCellTableViewCell.swift in Sources */,
				DDCA64B523357302009AB2A8 /* DocumentCore+CoreDataClass.swift in Sources */,
			);
			runOnlyForDeploymentPostprocessing = 0;
		};
/* End PBXSourcesBuildPhase section */

/* Begin PBXVariantGroup section */
		DD2A77252317362000AF289C /* Main.storyboard */ = {
			isa = PBXVariantGroup;
			children = (
				DD2A77262317362000AF289C /* Base */,
			);
			name = Main.storyboard;
			sourceTree = "<group>";
		};
		DD2A772D2317362200AF289C /* LaunchScreen.storyboard */ = {
			isa = PBXVariantGroup;
			children = (
				DD2A772E2317362200AF289C /* Base */,
			);
			name = LaunchScreen.storyboard;
			sourceTree = "<group>";
		};
/* End PBXVariantGroup section */

/* Begin XCBuildConfiguration section */
		DD2A77312317362200AF289C /* Debug */ = {
			isa = XCBuildConfiguration;
			buildSettings = {
				ALWAYS_SEARCH_USER_PATHS = NO;
				CLANG_ANALYZER_NONNULL = YES;
				CLANG_ANALYZER_NUMBER_OBJECT_CONVERSION = YES_AGGRESSIVE;
				CLANG_CXX_LANGUAGE_STANDARD = "gnu++14";
				CLANG_CXX_LIBRARY = "libc++";
				CLANG_ENABLE_MODULES = YES;
				CLANG_ENABLE_OBJC_ARC = YES;
				CLANG_ENABLE_OBJC_WEAK = YES;
				CLANG_WARN_BLOCK_CAPTURE_AUTORELEASING = YES;
				CLANG_WARN_BOOL_CONVERSION = YES;
				CLANG_WARN_COMMA = YES;
				CLANG_WARN_CONSTANT_CONVERSION = YES;
				CLANG_WARN_DEPRECATED_OBJC_IMPLEMENTATIONS = YES;
				CLANG_WARN_DIRECT_OBJC_ISA_USAGE = YES_ERROR;
				CLANG_WARN_DOCUMENTATION_COMMENTS = YES;
				CLANG_WARN_EMPTY_BODY = YES;
				CLANG_WARN_ENUM_CONVERSION = YES;
				CLANG_WARN_INFINITE_RECURSION = YES;
				CLANG_WARN_INT_CONVERSION = YES;
				CLANG_WARN_NON_LITERAL_NULL_CONVERSION = YES;
				CLANG_WARN_OBJC_IMPLICIT_RETAIN_SELF = YES;
				CLANG_WARN_OBJC_LITERAL_CONVERSION = YES;
				CLANG_WARN_OBJC_ROOT_CLASS = YES_ERROR;
				CLANG_WARN_RANGE_LOOP_ANALYSIS = YES;
				CLANG_WARN_STRICT_PROTOTYPES = YES;
				CLANG_WARN_SUSPICIOUS_MOVE = YES;
				CLANG_WARN_UNGUARDED_AVAILABILITY = YES_AGGRESSIVE;
				CLANG_WARN_UNREACHABLE_CODE = YES;
				CLANG_WARN__DUPLICATE_METHOD_MATCH = YES;
				CODE_SIGN_IDENTITY = "iPhone Developer";
				COPY_PHASE_STRIP = NO;
				DEBUG_INFORMATION_FORMAT = dwarf;
				ENABLE_STRICT_OBJC_MSGSEND = YES;
				ENABLE_TESTABILITY = YES;
				GCC_C_LANGUAGE_STANDARD = gnu11;
				GCC_DYNAMIC_NO_PIC = NO;
				GCC_NO_COMMON_BLOCKS = YES;
				GCC_OPTIMIZATION_LEVEL = 0;
				GCC_PREPROCESSOR_DEFINITIONS = (
					"DEBUG=1",
					"$(inherited)",
				);
				GCC_WARN_64_TO_32_BIT_CONVERSION = YES;
				GCC_WARN_ABOUT_RETURN_TYPE = YES_ERROR;
				GCC_WARN_UNDECLARED_SELECTOR = YES;
				GCC_WARN_UNINITIALIZED_AUTOS = YES_AGGRESSIVE;
				GCC_WARN_UNUSED_FUNCTION = YES;
				GCC_WARN_UNUSED_VARIABLE = YES;
				IPHONEOS_DEPLOYMENT_TARGET = 12.4;
				MTL_ENABLE_DEBUG_INFO = INCLUDE_SOURCE;
				MTL_FAST_MATH = YES;
				ONLY_ACTIVE_ARCH = YES;
				SDKROOT = iphoneos;
				SWIFT_ACTIVE_COMPILATION_CONDITIONS = DEBUG;
				SWIFT_OPTIMIZATION_LEVEL = "-Onone";
			};
			name = Debug;
		};
		DD2A77322317362200AF289C /* Release */ = {
			isa = XCBuildConfiguration;
			buildSettings = {
				ALWAYS_SEARCH_USER_PATHS = NO;
				CLANG_ANALYZER_NONNULL = YES;
				CLANG_ANALYZER_NUMBER_OBJECT_CONVERSION = YES_AGGRESSIVE;
				CLANG_CXX_LANGUAGE_STANDARD = "gnu++14";
				CLANG_CXX_LIBRARY = "libc++";
				CLANG_ENABLE_MODULES = YES;
				CLANG_ENABLE_OBJC_ARC = YES;
				CLANG_ENABLE_OBJC_WEAK = YES;
				CLANG_WARN_BLOCK_CAPTURE_AUTORELEASING = YES;
				CLANG_WARN_BOOL_CONVERSION = YES;
				CLANG_WARN_COMMA = YES;
				CLANG_WARN_CONSTANT_CONVERSION = YES;
				CLANG_WARN_DEPRECATED_OBJC_IMPLEMENTATIONS = YES;
				CLANG_WARN_DIRECT_OBJC_ISA_USAGE = YES_ERROR;
				CLANG_WARN_DOCUMENTATION_COMMENTS = YES;
				CLANG_WARN_EMPTY_BODY = YES;
				CLANG_WARN_ENUM_CONVERSION = YES;
				CLANG_WARN_INFINITE_RECURSION = YES;
				CLANG_WARN_INT_CONVERSION = YES;
				CLANG_WARN_NON_LITERAL_NULL_CONVERSION = YES;
				CLANG_WARN_OBJC_IMPLICIT_RETAIN_SELF = YES;
				CLANG_WARN_OBJC_LITERAL_CONVERSION = YES;
				CLANG_WARN_OBJC_ROOT_CLASS = YES_ERROR;
				CLANG_WARN_RANGE_LOOP_ANALYSIS = YES;
				CLANG_WARN_STRICT_PROTOTYPES = YES;
				CLANG_WARN_SUSPICIOUS_MOVE = YES;
				CLANG_WARN_UNGUARDED_AVAILABILITY = YES_AGGRESSIVE;
				CLANG_WARN_UNREACHABLE_CODE = YES;
				CLANG_WARN__DUPLICATE_METHOD_MATCH = YES;
				CODE_SIGN_IDENTITY = "iPhone Developer";
				COPY_PHASE_STRIP = NO;
				DEBUG_INFORMATION_FORMAT = "dwarf-with-dsym";
				ENABLE_NS_ASSERTIONS = NO;
				ENABLE_STRICT_OBJC_MSGSEND = YES;
				GCC_C_LANGUAGE_STANDARD = gnu11;
				GCC_NO_COMMON_BLOCKS = YES;
				GCC_WARN_64_TO_32_BIT_CONVERSION = YES;
				GCC_WARN_ABOUT_RETURN_TYPE = YES_ERROR;
				GCC_WARN_UNDECLARED_SELECTOR = YES;
				GCC_WARN_UNINITIALIZED_AUTOS = YES_AGGRESSIVE;
				GCC_WARN_UNUSED_FUNCTION = YES;
				GCC_WARN_UNUSED_VARIABLE = YES;
				IPHONEOS_DEPLOYMENT_TARGET = 12.4;
				MTL_ENABLE_DEBUG_INFO = NO;
				MTL_FAST_MATH = YES;
				SDKROOT = iphoneos;
				SWIFT_COMPILATION_MODE = wholemodule;
				SWIFT_OPTIMIZATION_LEVEL = "-O";
				VALIDATE_PRODUCT = YES;
			};
			name = Release;
		};
		DD2A77342317362200AF289C /* Debug */ = {
			isa = XCBuildConfiguration;
			buildSettings = {
				ASSETCATALOG_COMPILER_APPICON_NAME = AppIcon;
				CODE_SIGN_STYLE = Automatic;
				DEVELOPMENT_TEAM = Q2MYKKKZDK;
				INFOPLIST_FILE = Document/Info.plist;
				LD_RUNPATH_SEARCH_PATHS = (
					"$(inherited)",
					"@executable_path/Frameworks",
				);
				PRODUCT_BUNDLE_IDENTIFIER = AlexDavis.Document;
				PRODUCT_NAME = "$(TARGET_NAME)";
				SWIFT_VERSION = 5.0;
				TARGETED_DEVICE_FAMILY = "1,2";
			};
			name = Debug;
		};
		DD2A77352317362200AF289C /* Release */ = {
			isa = XCBuildConfiguration;
			buildSettings = {
				ASSETCATALOG_COMPILER_APPICON_NAME = AppIcon;
				CODE_SIGN_STYLE = Automatic;
				DEVELOPMENT_TEAM = Q2MYKKKZDK;
				INFOPLIST_FILE = Document/Info.plist;
				LD_RUNPATH_SEARCH_PATHS = (
					"$(inherited)",
					"@executable_path/Frameworks",
				);
				PRODUCT_BUNDLE_IDENTIFIER = AlexDavis.Document;
				PRODUCT_NAME = "$(TARGET_NAME)";
				SWIFT_VERSION = 5.0;
				TARGETED_DEVICE_FAMILY = "1,2";
			};
			name = Release;
		};
/* End XCBuildConfiguration section */

/* Begin XCConfigurationList section */
		DD2A77192317362000AF289C /* Build configuration list for PBXProject "Document" */ = {
			isa = XCConfigurationList;
			buildConfigurations = (
				DD2A77312317362200AF289C /* Debug */,
				DD2A77322317362200AF289C /* Release */,
			);
			defaultConfigurationIsVisible = 0;
			defaultConfigurationName = Release;
		};
		DD2A77332317362200AF289C /* Build configuration list for PBXNativeTarget "Document" */ = {
			isa = XCConfigurationList;
			buildConfigurations = (
				DD2A77342317362200AF289C /* Debug */,
				DD2A77352317362200AF289C /* Release */,
			);
			defaultConfigurationIsVisible = 0;
			defaultConfigurationName = Release;
		};
/* End XCConfigurationList section */

/* Begin XCVersionGroup section */
		DD2A77282317362000AF289C /* Document.xcdatamodeld */ = {
			isa = XCVersionGroup;
			children = (
				DD2A77292317362000AF289C /* Document.xcdatamodel */,
			);
			currentVersion = DD2A77292317362000AF289C /* Document.xcdatamodel */;
			path = Document.xcdatamodeld;
			sourceTree = "<group>";
			versionGroupType = wrapper.xcdatamodel;
		};
/* End XCVersionGroup section */
	};
	rootObject = DD2A77162317362000AF289C /* Project object */;
}
